// !$*UTF8*$!
{
	archiveVersion = 1;
	classes = {
	};
	objectVersion = 56;
	objects = {

/* Begin PBXBuildFile section */
		C50182232C35C51000653957 /* SwiftfulThinkingBootcampApp.swift in Sources */ = {isa = PBXBuildFile; fileRef = C50182222C35C51000653957 /* SwiftfulThinkingBootcampApp.swift */; };
		C50182252C35C51000653957 /* ContentView.swift in Sources */ = {isa = PBXBuildFile; fileRef = C50182242C35C51000653957 /* ContentView.swift */; };
		C50182272C35C51100653957 /* Assets.xcassets in Resources */ = {isa = PBXBuildFile; fileRef = C50182262C35C51100653957 /* Assets.xcassets */; };
		C501822A2C35C51100653957 /* Preview Assets.xcassets in Resources */ = {isa = PBXBuildFile; fileRef = C50182292C35C51100653957 /* Preview Assets.xcassets */; };
		C50182312C35C8C300653957 /* TextBootcamp.swift in Sources */ = {isa = PBXBuildFile; fileRef = C50182302C35C8C300653957 /* TextBootcamp.swift */; };
		C50182332C35CCEC00653957 /* ShapesBootcamp.swift in Sources */ = {isa = PBXBuildFile; fileRef = C50182322C35CCEC00653957 /* ShapesBootcamp.swift */; };
		C5161C182C3B0F14008D7F64 /* PaddingBootcamp.swift in Sources */ = {isa = PBXBuildFile; fileRef = C5161C172C3B0F14008D7F64 /* PaddingBootcamp.swift */; };
		C5161C1A2C3B13DB008D7F64 /* SpacerBootcamp.swift in Sources */ = {isa = PBXBuildFile; fileRef = C5161C192C3B13DB008D7F64 /* SpacerBootcamp.swift */; };
		C52E27F72C4E30A200FBB52E /* InitializerBootcamp.swift in Sources */ = {isa = PBXBuildFile; fileRef = C52E27F62C4E30A200FBB52E /* InitializerBootcamp.swift */; };
		C52E27F92C4E376600FBB52E /* ForEachBootcamp.swift in Sources */ = {isa = PBXBuildFile; fileRef = C52E27F82C4E376600FBB52E /* ForEachBootcamp.swift */; };
		C52E27FB2C4E3ACE00FBB52E /* ScrollViewBootcamp.swift in Sources */ = {isa = PBXBuildFile; fileRef = C52E27FA2C4E3ACE00FBB52E /* ScrollViewBootcamp.swift */; };
		C52E27FD2C4E40F600FBB52E /* GridBootcamp.swift in Sources */ = {isa = PBXBuildFile; fileRef = C52E27FC2C4E40F600FBB52E /* GridBootcamp.swift */; };
		C52E28012C4E4EF500FBB52E /* SafeAreaBootcamp.swift in Sources */ = {isa = PBXBuildFile; fileRef = C52E28002C4E4EF500FBB52E /* SafeAreaBootcamp.swift */; };
		C52E28032C4E549400FBB52E /* ButtonsBootcamp.swift in Sources */ = {isa = PBXBuildFile; fileRef = C52E28022C4E549400FBB52E /* ButtonsBootcamp.swift */; };
		C52E28052C4E659200FBB52E /* StateBootcamp.swift in Sources */ = {isa = PBXBuildFile; fileRef = C52E28042C4E659200FBB52E /* StateBootcamp.swift */; };
		C52E28072C4E69C400FBB52E /* ExtractedFunctionBootcamp.swift in Sources */ = {isa = PBXBuildFile; fileRef = C52E28062C4E69C400FBB52E /* ExtractedFunctionBootcamp.swift */; };
		C52E28092C4E6DF500FBB52E /* ExtractSubviewBootcamp.swift in Sources */ = {isa = PBXBuildFile; fileRef = C52E28082C4E6DF500FBB52E /* ExtractSubviewBootcamp.swift */; };
		C52E280B2C4E71CB00FBB52E /* BindindBootcamp.swift in Sources */ = {isa = PBXBuildFile; fileRef = C52E280A2C4E71CB00FBB52E /* BindindBootcamp.swift */; };
		C52E280D2C4E7B8800FBB52E /* ConditionalBootcamp.swift in Sources */ = {isa = PBXBuildFile; fileRef = C52E280C2C4E7B8800FBB52E /* ConditionalBootcamp.swift */; };
		C52E280F2C4E807F00FBB52E /* TernaryBootcamp.swift in Sources */ = {isa = PBXBuildFile; fileRef = C52E280E2C4E807F00FBB52E /* TernaryBootcamp.swift */; };
		C56027E32C3808C600BA168D /* GradientsBootcamp.swift in Sources */ = {isa = PBXBuildFile; fileRef = C56027E22C3808C600BA168D /* GradientsBootcamp.swift */; };
		C56027E52C38101E00BA168D /* IconsBootcamp.swift in Sources */ = {isa = PBXBuildFile; fileRef = C56027E42C38101E00BA168D /* IconsBootcamp.swift */; };
		C56027E72C381CF300BA168D /* ImageBootcamp.swift in Sources */ = {isa = PBXBuildFile; fileRef = C56027E62C381CF300BA168D /* ImageBootcamp.swift */; };
		C56027E92C3820A400BA168D /* FrameBootcamp.swift in Sources */ = {isa = PBXBuildFile; fileRef = C56027E82C3820A400BA168D /* FrameBootcamp.swift */; };
		C56027EB2C3824E200BA168D /* BackgroundAndOverlayBootcamp.swift in Sources */ = {isa = PBXBuildFile; fileRef = C56027EA2C3824E200BA168D /* BackgroundAndOverlayBootcamp.swift */; };
		C56027ED2C38393300BA168D /* StacksBootcamp.swift in Sources */ = {isa = PBXBuildFile; fileRef = C56027EC2C38393300BA168D /* StacksBootcamp.swift */; };
		C5C638A32C4FD79800D5FA0E /* AnimationBootcamp.swift in Sources */ = {isa = PBXBuildFile; fileRef = C5C638A22C4FD79800D5FA0E /* AnimationBootcamp.swift */; };
		C5C638A52C4FDB1E00D5FA0E /* AnimationTimingBootcamp.swift in Sources */ = {isa = PBXBuildFile; fileRef = C5C638A42C4FDB1E00D5FA0E /* AnimationTimingBootcamp.swift */; };
		C5C638A72C4FE22400D5FA0E /* TransitionBootcamp.swift in Sources */ = {isa = PBXBuildFile; fileRef = C5C638A62C4FE22400D5FA0E /* TransitionBootcamp.swift */; };
		C5C638A92C4FE6C200D5FA0E /* SheetsBootcamp.swift in Sources */ = {isa = PBXBuildFile; fileRef = C5C638A82C4FE6C200D5FA0E /* SheetsBootcamp.swift */; };
		C5DD5F302C371B8B001EA62F /* ColorsBootcamp.swift in Sources */ = {isa = PBXBuildFile; fileRef = C5DD5F2F2C371B8B001EA62F /* ColorsBootcamp.swift */; };
/* End PBXBuildFile section */

/* Begin PBXFileReference section */
		C501821F2C35C51000653957 /* SwiftfulThinkingBootcamp.app */ = {isa = PBXFileReference; explicitFileType = wrapper.application; includeInIndex = 0; path = SwiftfulThinkingBootcamp.app; sourceTree = BUILT_PRODUCTS_DIR; };
		C50182222C35C51000653957 /* SwiftfulThinkingBootcampApp.swift */ = {isa = PBXFileReference; lastKnownFileType = sourcecode.swift; path = SwiftfulThinkingBootcampApp.swift; sourceTree = "<group>"; };
		C50182242C35C51000653957 /* ContentView.swift */ = {isa = PBXFileReference; lastKnownFileType = sourcecode.swift; path = ContentView.swift; sourceTree = "<group>"; };
		C50182262C35C51100653957 /* Assets.xcassets */ = {isa = PBXFileReference; lastKnownFileType = folder.assetcatalog; path = Assets.xcassets; sourceTree = "<group>"; };
		C50182292C35C51100653957 /* Preview Assets.xcassets */ = {isa = PBXFileReference; lastKnownFileType = folder.assetcatalog; path = "Preview Assets.xcassets"; sourceTree = "<group>"; };
		C50182302C35C8C300653957 /* TextBootcamp.swift */ = {isa = PBXFileReference; lastKnownFileType = sourcecode.swift; path = TextBootcamp.swift; sourceTree = "<group>"; };
		C50182322C35CCEC00653957 /* ShapesBootcamp.swift */ = {isa = PBXFileReference; lastKnownFileType = sourcecode.swift; path = ShapesBootcamp.swift; sourceTree = "<group>"; };
		C5161C172C3B0F14008D7F64 /* PaddingBootcamp.swift */ = {isa = PBXFileReference; lastKnownFileType = sourcecode.swift; path = PaddingBootcamp.swift; sourceTree = "<group>"; };
		C5161C192C3B13DB008D7F64 /* SpacerBootcamp.swift */ = {isa = PBXFileReference; lastKnownFileType = sourcecode.swift; path = SpacerBootcamp.swift; sourceTree = "<group>"; };
		C52E27F62C4E30A200FBB52E /* InitializerBootcamp.swift */ = {isa = PBXFileReference; lastKnownFileType = sourcecode.swift; path = InitializerBootcamp.swift; sourceTree = "<group>"; };
		C52E27F82C4E376600FBB52E /* ForEachBootcamp.swift */ = {isa = PBXFileReference; lastKnownFileType = sourcecode.swift; path = ForEachBootcamp.swift; sourceTree = "<group>"; };
		C52E27FA2C4E3ACE00FBB52E /* ScrollViewBootcamp.swift */ = {isa = PBXFileReference; lastKnownFileType = sourcecode.swift; path = ScrollViewBootcamp.swift; sourceTree = "<group>"; };
		C52E27FC2C4E40F600FBB52E /* GridBootcamp.swift */ = {isa = PBXFileReference; lastKnownFileType = sourcecode.swift; path = GridBootcamp.swift; sourceTree = "<group>"; };
		C52E28002C4E4EF500FBB52E /* SafeAreaBootcamp.swift */ = {isa = PBXFileReference; lastKnownFileType = sourcecode.swift; path = SafeAreaBootcamp.swift; sourceTree = "<group>"; };
		C52E28022C4E549400FBB52E /* ButtonsBootcamp.swift */ = {isa = PBXFileReference; lastKnownFileType = sourcecode.swift; path = ButtonsBootcamp.swift; sourceTree = "<group>"; };
		C52E28042C4E659200FBB52E /* StateBootcamp.swift */ = {isa = PBXFileReference; lastKnownFileType = sourcecode.swift; path = StateBootcamp.swift; sourceTree = "<group>"; };
		C52E28062C4E69C400FBB52E /* ExtractedFunctionBootcamp.swift */ = {isa = PBXFileReference; lastKnownFileType = sourcecode.swift; path = ExtractedFunctionBootcamp.swift; sourceTree = "<group>"; };
		C52E28082C4E6DF500FBB52E /* ExtractSubviewBootcamp.swift */ = {isa = PBXFileReference; lastKnownFileType = sourcecode.swift; path = ExtractSubviewBootcamp.swift; sourceTree = "<group>"; };
		C52E280A2C4E71CB00FBB52E /* BindindBootcamp.swift */ = {isa = PBXFileReference; lastKnownFileType = sourcecode.swift; path = BindindBootcamp.swift; sourceTree = "<group>"; };
		C52E280C2C4E7B8800FBB52E /* ConditionalBootcamp.swift */ = {isa = PBXFileReference; lastKnownFileType = sourcecode.swift; path = ConditionalBootcamp.swift; sourceTree = "<group>"; };
		C52E280E2C4E807F00FBB52E /* TernaryBootcamp.swift */ = {isa = PBXFileReference; lastKnownFileType = sourcecode.swift; path = TernaryBootcamp.swift; sourceTree = "<group>"; };
		C56027E22C3808C600BA168D /* GradientsBootcamp.swift */ = {isa = PBXFileReference; lastKnownFileType = sourcecode.swift; path = GradientsBootcamp.swift; sourceTree = "<group>"; };
		C56027E42C38101E00BA168D /* IconsBootcamp.swift */ = {isa = PBXFileReference; lastKnownFileType = sourcecode.swift; path = IconsBootcamp.swift; sourceTree = "<group>"; };
		C56027E62C381CF300BA168D /* ImageBootcamp.swift */ = {isa = PBXFileReference; lastKnownFileType = sourcecode.swift; path = ImageBootcamp.swift; sourceTree = "<group>"; };
		C56027E82C3820A400BA168D /* FrameBootcamp.swift */ = {isa = PBXFileReference; lastKnownFileType = sourcecode.swift; path = FrameBootcamp.swift; sourceTree = "<group>"; };
		C56027EA2C3824E200BA168D /* BackgroundAndOverlayBootcamp.swift */ = {isa = PBXFileReference; lastKnownFileType = sourcecode.swift; path = BackgroundAndOverlayBootcamp.swift; sourceTree = "<group>"; };
		C56027EC2C38393300BA168D /* StacksBootcamp.swift */ = {isa = PBXFileReference; lastKnownFileType = sourcecode.swift; path = StacksBootcamp.swift; sourceTree = "<group>"; };
		C5C638A22C4FD79800D5FA0E /* AnimationBootcamp.swift */ = {isa = PBXFileReference; lastKnownFileType = sourcecode.swift; path = AnimationBootcamp.swift; sourceTree = "<group>"; };
		C5C638A42C4FDB1E00D5FA0E /* AnimationTimingBootcamp.swift */ = {isa = PBXFileReference; lastKnownFileType = sourcecode.swift; path = AnimationTimingBootcamp.swift; sourceTree = "<group>"; };
		C5C638A62C4FE22400D5FA0E /* TransitionBootcamp.swift */ = {isa = PBXFileReference; lastKnownFileType = sourcecode.swift; path = TransitionBootcamp.swift; sourceTree = "<group>"; };
		C5C638A82C4FE6C200D5FA0E /* SheetsBootcamp.swift */ = {isa = PBXFileReference; lastKnownFileType = sourcecode.swift; path = SheetsBootcamp.swift; sourceTree = "<group>"; };
		C5DD5F2F2C371B8B001EA62F /* ColorsBootcamp.swift */ = {isa = PBXFileReference; lastKnownFileType = sourcecode.swift; path = ColorsBootcamp.swift; sourceTree = "<group>"; };
/* End PBXFileReference section */

/* Begin PBXFrameworksBuildPhase section */
		C501821C2C35C51000653957 /* Frameworks */ = {
			isa = PBXFrameworksBuildPhase;
			buildActionMask = 2147483647;
			files = (
			);
			runOnlyForDeploymentPostprocessing = 0;
		};
/* End PBXFrameworksBuildPhase section */

/* Begin PBXGroup section */
		C50182162C35C51000653957 = {
			isa = PBXGroup;
			children = (
				C50182212C35C51000653957 /* SwiftfulThinkingBootcamp */,
				C50182202C35C51000653957 /* Products */,
			);
			sourceTree = "<group>";
		};
		C50182202C35C51000653957 /* Products */ = {
			isa = PBXGroup;
			children = (
				C501821F2C35C51000653957 /* SwiftfulThinkingBootcamp.app */,
			);
			name = Products;
			sourceTree = "<group>";
		};
		C50182212C35C51000653957 /* SwiftfulThinkingBootcamp */ = {
			isa = PBXGroup;
			children = (
				C50182222C35C51000653957 /* SwiftfulThinkingBootcampApp.swift */,
				C52E28042C4E659200FBB52E /* StateBootcamp.swift */,
				C52E28062C4E69C400FBB52E /* ExtractedFunctionBootcamp.swift */,
				C52E28082C4E6DF500FBB52E /* ExtractSubviewBootcamp.swift */,
				C52E280A2C4E71CB00FBB52E /* BindindBootcamp.swift */,
				C52E280C2C4E7B8800FBB52E /* ConditionalBootcamp.swift */,
				C50182242C35C51000653957 /* ContentView.swift */,
				C52E28002C4E4EF500FBB52E /* SafeAreaBootcamp.swift */,
				C50182322C35CCEC00653957 /* ShapesBootcamp.swift */,
				C56027E42C38101E00BA168D /* IconsBootcamp.swift */,
				C56027E62C381CF300BA168D /* ImageBootcamp.swift */,
				C5C638A22C4FD79800D5FA0E /* AnimationBootcamp.swift */,
				C5C638A42C4FDB1E00D5FA0E /* AnimationTimingBootcamp.swift */,
				C5C638A62C4FE22400D5FA0E /* TransitionBootcamp.swift */,
				C5C638A82C4FE6C200D5FA0E /* SheetsBootcamp.swift */,
				C56027E82C3820A400BA168D /* FrameBootcamp.swift */,
				C56027EA2C3824E200BA168D /* BackgroundAndOverlayBootcamp.swift */,
				C56027EC2C38393300BA168D /* StacksBootcamp.swift */,
				C5161C172C3B0F14008D7F64 /* PaddingBootcamp.swift */,
				C5161C192C3B13DB008D7F64 /* SpacerBootcamp.swift */,
				C52E27F62C4E30A200FBB52E /* InitializerBootcamp.swift */,
				C52E27F82C4E376600FBB52E /* ForEachBootcamp.swift */,
				C52E27FA2C4E3ACE00FBB52E /* ScrollViewBootcamp.swift */,
				C5DD5F2F2C371B8B001EA62F /* ColorsBootcamp.swift */,
				C56027E22C3808C600BA168D /* GradientsBootcamp.swift */,
				C50182302C35C8C300653957 /* TextBootcamp.swift */,
				C52E27FC2C4E40F600FBB52E /* GridBootcamp.swift */,
				C52E28022C4E549400FBB52E /* ButtonsBootcamp.swift */,
				C50182262C35C51100653957 /* Assets.xcassets */,
				C50182282C35C51100653957 /* Preview Content */,
				C52E280E2C4E807F00FBB52E /* TernaryBootcamp.swift */,
			);
			path = SwiftfulThinkingBootcamp;
			sourceTree = "<group>";
		};
		C50182282C35C51100653957 /* Preview Content */ = {
			isa = PBXGroup;
			children = (
				C50182292C35C51100653957 /* Preview Assets.xcassets */,
			);
			path = "Preview Content";
			sourceTree = "<group>";
		};
/* End PBXGroup section */

/* Begin PBXNativeTarget section */
		C501821E2C35C51000653957 /* SwiftfulThinkingBootcamp */ = {
			isa = PBXNativeTarget;
			buildConfigurationList = C501822D2C35C51100653957 /* Build configuration list for PBXNativeTarget "SwiftfulThinkingBootcamp" */;
			buildPhases = (
				C501821B2C35C51000653957 /* Sources */,
				C501821C2C35C51000653957 /* Frameworks */,
				C501821D2C35C51000653957 /* Resources */,
			);
			buildRules = (
			);
			dependencies = (
			);
			name = SwiftfulThinkingBootcamp;
			productName = SwiftfulThinkingBootcamp;
			productReference = C501821F2C35C51000653957 /* SwiftfulThinkingBootcamp.app */;
			productType = "com.apple.product-type.application";
		};
/* End PBXNativeTarget section */

/* Begin PBXProject section */
		C50182172C35C51000653957 /* Project object */ = {
			isa = PBXProject;
			attributes = {
				BuildIndependentTargetsInParallel = 1;
				LastSwiftUpdateCheck = 1500;
				LastUpgradeCheck = 1500;
				TargetAttributes = {
					C501821E2C35C51000653957 = {
						CreatedOnToolsVersion = 15.0.1;
					};
				};
			};
			buildConfigurationList = C501821A2C35C51000653957 /* Build configuration list for PBXProject "SwiftfulThinkingBootcamp" */;
			compatibilityVersion = "Xcode 14.0";
			developmentRegion = en;
			hasScannedForEncodings = 0;
			knownRegions = (
				en,
				Base,
			);
			mainGroup = C50182162C35C51000653957;
			productRefGroup = C50182202C35C51000653957 /* Products */;
			projectDirPath = "";
			projectRoot = "";
			targets = (
				C501821E2C35C51000653957 /* SwiftfulThinkingBootcamp */,
			);
		};
/* End PBXProject section */

/* Begin PBXResourcesBuildPhase section */
		C501821D2C35C51000653957 /* Resources */ = {
			isa = PBXResourcesBuildPhase;
			buildActionMask = 2147483647;
			files = (
				C501822A2C35C51100653957 /* Preview Assets.xcassets in Resources */,
				C50182272C35C51100653957 /* Assets.xcassets in Resources */,
			);
			runOnlyForDeploymentPostprocessing = 0;
		};
/* End PBXResourcesBuildPhase section */

/* Begin PBXSourcesBuildPhase section */
		C501821B2C35C51000653957 /* Sources */ = {
			isa = PBXSourcesBuildPhase;
			buildActionMask = 2147483647;
			files = (
				C5C638A92C4FE6C200D5FA0E /* SheetsBootcamp.swift in Sources */,
				C52E28052C4E659200FBB52E /* StateBootcamp.swift in Sources */,
				C56027E32C3808C600BA168D /* GradientsBootcamp.swift in Sources */,
				C52E28092C4E6DF500FBB52E /* ExtractSubviewBootcamp.swift in Sources */,
				C56027EB2C3824E200BA168D /* BackgroundAndOverlayBootcamp.swift in Sources */,
				C52E27FB2C4E3ACE00FBB52E /* ScrollViewBootcamp.swift in Sources */,
				C5161C182C3B0F14008D7F64 /* PaddingBootcamp.swift in Sources */,
				C5DD5F302C371B8B001EA62F /* ColorsBootcamp.swift in Sources */,
				C52E280B2C4E71CB00FBB52E /* BindindBootcamp.swift in Sources */,
				C56027E92C3820A400BA168D /* FrameBootcamp.swift in Sources */,
				C52E27F72C4E30A200FBB52E /* InitializerBootcamp.swift in Sources */,
				C52E280F2C4E807F00FBB52E /* TernaryBootcamp.swift in Sources */,
				C50182332C35CCEC00653957 /* ShapesBootcamp.swift in Sources */,
				C52E28032C4E549400FBB52E /* ButtonsBootcamp.swift in Sources */,
				C5C638A52C4FDB1E00D5FA0E /* AnimationTimingBootcamp.swift in Sources */,
				C52E28012C4E4EF500FBB52E /* SafeAreaBootcamp.swift in Sources */,
				C50182252C35C51000653957 /* ContentView.swift in Sources */,
				C52E27F92C4E376600FBB52E /* ForEachBootcamp.swift in Sources */,
				C50182312C35C8C300653957 /* TextBootcamp.swift in Sources */,
				C50182232C35C51000653957 /* SwiftfulThinkingBootcampApp.swift in Sources */,
				C5C638A72C4FE22400D5FA0E /* TransitionBootcamp.swift in Sources */,
				C56027ED2C38393300BA168D /* StacksBootcamp.swift in Sources */,
				C5161C1A2C3B13DB008D7F64 /* SpacerBootcamp.swift in Sources */,
				C52E27FD2C4E40F600FBB52E /* GridBootcamp.swift in Sources */,
				C5C638A32C4FD79800D5FA0E /* AnimationBootcamp.swift in Sources */,
				C56027E72C381CF300BA168D /* ImageBootcamp.swift in Sources */,
				C52E280D2C4E7B8800FBB52E /* ConditionalBootcamp.swift in Sources */,
				C56027E52C38101E00BA168D /* IconsBootcamp.swift in Sources */,
				C52E28072C4E69C400FBB52E /* ExtractedFunctionBootcamp.swift in Sources */,
			);
			runOnlyForDeploymentPostprocessing = 0;
		};
/* End PBXSourcesBuildPhase section */

/* Begin XCBuildConfiguration section */
		C501822B2C35C51100653957 /* Debug */ = {
			isa = XCBuildConfiguration;
			buildSettings = {
				ALWAYS_SEARCH_USER_PATHS = NO;
				ASSETCATALOG_COMPILER_GENERATE_SWIFT_ASSET_SYMBOL_EXTENSIONS = YES;
				CLANG_ANALYZER_NONNULL = YES;
				CLANG_ANALYZER_NUMBER_OBJECT_CONVERSION = YES_AGGRESSIVE;
				CLANG_CXX_LANGUAGE_STANDARD = "gnu++20";
				CLANG_ENABLE_MODULES = YES;
				CLANG_ENABLE_OBJC_ARC = YES;
				CLANG_ENABLE_OBJC_WEAK = YES;
				CLANG_WARN_BLOCK_CAPTURE_AUTORELEASING = YES;
				CLANG_WARN_BOOL_CONVERSION = YES;
				CLANG_WARN_COMMA = YES;
				CLANG_WARN_CONSTANT_CONVERSION = YES;
				CLANG_WARN_DEPRECATED_OBJC_IMPLEMENTATIONS = YES;
				CLANG_WARN_DIRECT_OBJC_ISA_USAGE = YES_ERROR;
				CLANG_WARN_DOCUMENTATION_COMMENTS = YES;
				CLANG_WARN_EMPTY_BODY = YES;
				CLANG_WARN_ENUM_CONVERSION = YES;
				CLANG_WARN_INFINITE_RECURSION = YES;
				CLANG_WARN_INT_CONVERSION = YES;
				CLANG_WARN_NON_LITERAL_NULL_CONVERSION = YES;
				CLANG_WARN_OBJC_IMPLICIT_RETAIN_SELF = YES;
				CLANG_WARN_OBJC_LITERAL_CONVERSION = YES;
				CLANG_WARN_OBJC_ROOT_CLASS = YES_ERROR;
				CLANG_WARN_QUOTED_INCLUDE_IN_FRAMEWORK_HEADER = YES;
				CLANG_WARN_RANGE_LOOP_ANALYSIS = YES;
				CLANG_WARN_STRICT_PROTOTYPES = YES;
				CLANG_WARN_SUSPICIOUS_MOVE = YES;
				CLANG_WARN_UNGUARDED_AVAILABILITY = YES_AGGRESSIVE;
				CLANG_WARN_UNREACHABLE_CODE = YES;
				CLANG_WARN__DUPLICATE_METHOD_MATCH = YES;
				COPY_PHASE_STRIP = NO;
				DEBUG_INFORMATION_FORMAT = dwarf;
				ENABLE_STRICT_OBJC_MSGSEND = YES;
				ENABLE_TESTABILITY = YES;
				ENABLE_USER_SCRIPT_SANDBOXING = YES;
				GCC_C_LANGUAGE_STANDARD = gnu17;
				GCC_DYNAMIC_NO_PIC = NO;
				GCC_NO_COMMON_BLOCKS = YES;
				GCC_OPTIMIZATION_LEVEL = 0;
				GCC_PREPROCESSOR_DEFINITIONS = (
					"DEBUG=1",
					"$(inherited)",
				);
				GCC_WARN_64_TO_32_BIT_CONVERSION = YES;
				GCC_WARN_ABOUT_RETURN_TYPE = YES_ERROR;
				GCC_WARN_UNDECLARED_SELECTOR = YES;
				GCC_WARN_UNINITIALIZED_AUTOS = YES_AGGRESSIVE;
				GCC_WARN_UNUSED_FUNCTION = YES;
				GCC_WARN_UNUSED_VARIABLE = YES;
				IPHONEOS_DEPLOYMENT_TARGET = 17.0;
				LOCALIZATION_PREFERS_STRING_CATALOGS = YES;
				MTL_ENABLE_DEBUG_INFO = INCLUDE_SOURCE;
				MTL_FAST_MATH = YES;
				ONLY_ACTIVE_ARCH = YES;
				SDKROOT = iphoneos;
				SWIFT_ACTIVE_COMPILATION_CONDITIONS = "DEBUG $(inherited)";
				SWIFT_OPTIMIZATION_LEVEL = "-Onone";
			};
			name = Debug;
		};
		C501822C2C35C51100653957 /* Release */ = {
			isa = XCBuildConfiguration;
			buildSettings = {
				ALWAYS_SEARCH_USER_PATHS = NO;
				ASSETCATALOG_COMPILER_GENERATE_SWIFT_ASSET_SYMBOL_EXTENSIONS = YES;
				CLANG_ANALYZER_NONNULL = YES;
				CLANG_ANALYZER_NUMBER_OBJECT_CONVERSION = YES_AGGRESSIVE;
				CLANG_CXX_LANGUAGE_STANDARD = "gnu++20";
				CLANG_ENABLE_MODULES = YES;
				CLANG_ENABLE_OBJC_ARC = YES;
				CLANG_ENABLE_OBJC_WEAK = YES;
				CLANG_WARN_BLOCK_CAPTURE_AUTORELEASING = YES;
				CLANG_WARN_BOOL_CONVERSION = YES;
				CLANG_WARN_COMMA = YES;
				CLANG_WARN_CONSTANT_CONVERSION = YES;
				CLANG_WARN_DEPRECATED_OBJC_IMPLEMENTATIONS = YES;
				CLANG_WARN_DIRECT_OBJC_ISA_USAGE = YES_ERROR;
				CLANG_WARN_DOCUMENTATION_COMMENTS = YES;
				CLANG_WARN_EMPTY_BODY = YES;
				CLANG_WARN_ENUM_CONVERSION = YES;
				CLANG_WARN_INFINITE_RECURSION = YES;
				CLANG_WARN_INT_CONVERSION = YES;
				CLANG_WARN_NON_LITERAL_NULL_CONVERSION = YES;
				CLANG_WARN_OBJC_IMPLICIT_RETAIN_SELF = YES;
				CLANG_WARN_OBJC_LITERAL_CONVERSION = YES;
				CLANG_WARN_OBJC_ROOT_CLASS = YES_ERROR;
				CLANG_WARN_QUOTED_INCLUDE_IN_FRAMEWORK_HEADER = YES;
				CLANG_WARN_RANGE_LOOP_ANALYSIS = YES;
				CLANG_WARN_STRICT_PROTOTYPES = YES;
				CLANG_WARN_SUSPICIOUS_MOVE = YES;
				CLANG_WARN_UNGUARDED_AVAILABILITY = YES_AGGRESSIVE;
				CLANG_WARN_UNREACHABLE_CODE = YES;
				CLANG_WARN__DUPLICATE_METHOD_MATCH = YES;
				COPY_PHASE_STRIP = NO;
				DEBUG_INFORMATION_FORMAT = "dwarf-with-dsym";
				ENABLE_NS_ASSERTIONS = NO;
				ENABLE_STRICT_OBJC_MSGSEND = YES;
				ENABLE_USER_SCRIPT_SANDBOXING = YES;
				GCC_C_LANGUAGE_STANDARD = gnu17;
				GCC_NO_COMMON_BLOCKS = YES;
				GCC_WARN_64_TO_32_BIT_CONVERSION = YES;
				GCC_WARN_ABOUT_RETURN_TYPE = YES_ERROR;
				GCC_WARN_UNDECLARED_SELECTOR = YES;
				GCC_WARN_UNINITIALIZED_AUTOS = YES_AGGRESSIVE;
				GCC_WARN_UNUSED_FUNCTION = YES;
				GCC_WARN_UNUSED_VARIABLE = YES;
				IPHONEOS_DEPLOYMENT_TARGET = 17.0;
				LOCALIZATION_PREFERS_STRING_CATALOGS = YES;
				MTL_ENABLE_DEBUG_INFO = NO;
				MTL_FAST_MATH = YES;
				SDKROOT = iphoneos;
				SWIFT_COMPILATION_MODE = wholemodule;
				VALIDATE_PRODUCT = YES;
			};
			name = Release;
		};
		C501822E2C35C51100653957 /* Debug */ = {
			isa = XCBuildConfiguration;
			buildSettings = {
				ASSETCATALOG_COMPILER_APPICON_NAME = AppIcon;
				ASSETCATALOG_COMPILER_GLOBAL_ACCENT_COLOR_NAME = AccentColor;
				CODE_SIGN_STYLE = Automatic;
				CURRENT_PROJECT_VERSION = 1;
				DEVELOPMENT_ASSET_PATHS = "\"SwiftfulThinkingBootcamp/Preview Content\"";
				DEVELOPMENT_TEAM = 9XSST4YN27;
				ENABLE_PREVIEWS = YES;
				GENERATE_INFOPLIST_FILE = YES;
				INFOPLIST_KEY_UIApplicationSceneManifest_Generation = YES;
				INFOPLIST_KEY_UIApplicationSupportsIndirectInputEvents = YES;
				INFOPLIST_KEY_UILaunchScreen_Generation = YES;
				INFOPLIST_KEY_UISupportedInterfaceOrientations_iPad = "UIInterfaceOrientationPortrait UIInterfaceOrientationPortraitUpsideDown UIInterfaceOrientationLandscapeLeft UIInterfaceOrientationLandscapeRight";
				INFOPLIST_KEY_UISupportedInterfaceOrientations_iPhone = "UIInterfaceOrientationPortrait UIInterfaceOrientationLandscapeLeft UIInterfaceOrientationLandscapeRight";
				LD_RUNPATH_SEARCH_PATHS = (
					"$(inherited)",
					"@executable_path/Frameworks",
				);
				MARKETING_VERSION = 1.0;
				PRODUCT_BUNDLE_IDENTIFIER = com.akramulhasan.SwiftfulThinkingBootcamp;
				PRODUCT_NAME = "$(TARGET_NAME)";
				SWIFT_EMIT_LOC_STRINGS = YES;
				SWIFT_VERSION = 5.0;
				TARGETED_DEVICE_FAMILY = "1,2";
			};
			name = Debug;
		};
		C501822F2C35C51100653957 /* Release */ = {
			isa = XCBuildConfiguration;
			buildSettings = {
				ASSETCATALOG_COMPILER_APPICON_NAME = AppIcon;
				ASSETCATALOG_COMPILER_GLOBAL_ACCENT_COLOR_NAME = AccentColor;
				CODE_SIGN_STYLE = Automatic;
				CURRENT_PROJECT_VERSION = 1;
				DEVELOPMENT_ASSET_PATHS = "\"SwiftfulThinkingBootcamp/Preview Content\"";
				DEVELOPMENT_TEAM = 9XSST4YN27;
				ENABLE_PREVIEWS = YES;
				GENERATE_INFOPLIST_FILE = YES;
				INFOPLIST_KEY_UIApplicationSceneManifest_Generation = YES;
				INFOPLIST_KEY_UIApplicationSupportsIndirectInputEvents = YES;
				INFOPLIST_KEY_UILaunchScreen_Generation = YES;
				INFOPLIST_KEY_UISupportedInterfaceOrientations_iPad = "UIInterfaceOrientationPortrait UIInterfaceOrientationPortraitUpsideDown UIInterfaceOrientationLandscapeLeft UIInterfaceOrientationLandscapeRight";
				INFOPLIST_KEY_UISupportedInterfaceOrientations_iPhone = "UIInterfaceOrientationPortrait UIInterfaceOrientationLandscapeLeft UIInterfaceOrientationLandscapeRight";
				LD_RUNPATH_SEARCH_PATHS = (
					"$(inherited)",
					"@executable_path/Frameworks",
				);
				MARKETING_VERSION = 1.0;
				PRODUCT_BUNDLE_IDENTIFIER = com.akramulhasan.SwiftfulThinkingBootcamp;
				PRODUCT_NAME = "$(TARGET_NAME)";
				SWIFT_EMIT_LOC_STRINGS = YES;
				SWIFT_VERSION = 5.0;
				TARGETED_DEVICE_FAMILY = "1,2";
			};
			name = Release;
		};
/* End XCBuildConfiguration section */

/* Begin XCConfigurationList section */
		C501821A2C35C51000653957 /* Build configuration list for PBXProject "SwiftfulThinkingBootcamp" */ = {
			isa = XCConfigurationList;
			buildConfigurations = (
				C501822B2C35C51100653957 /* Debug */,
				C501822C2C35C51100653957 /* Release */,
			);
			defaultConfigurationIsVisible = 0;
			defaultConfigurationName = Release;
		};
		C501822D2C35C51100653957 /* Build configuration list for PBXNativeTarget "SwiftfulThinkingBootcamp" */ = {
			isa = XCConfigurationList;
			buildConfigurations = (
				C501822E2C35C51100653957 /* Debug */,
				C501822F2C35C51100653957 /* Release */,
			);
			defaultConfigurationIsVisible = 0;
			defaultConfigurationName = Release;
		};
/* End XCConfigurationList section */
	};
	rootObject = C50182172C35C51000653957 /* Project object */;
}
